# This file is automatically @generated by Cargo.
# It is not intended for manual editing.
version = 4

[[package]]
name = "zkguard-cli"
version = "0.1.0"
dependencies = [
 "zkguard-core",
 "zkguard-noir",
 "zkguard-report",
 "zkguard-rules",
]

[[package]]
name = "zkguard-core"
version = "0.1.0"

[[package]]
name = "zkguard-fuzz"
version = "0.1.0"
dependencies = [
 "zkguard-core",
]

[[package]]
name = "zkguard-noir"
version = "0.1.0"
dependencies = [
 "zkguard-core",
]

[[package]]
name = "zkguard-report"
version = "0.1.0"
dependencies = [
 "zkguard-core",
]

[[package]]
name = "zkguard-rules"
version = "0.1.0"
dependencies = [
 "zkguard-core",
 "zkguard-noir",
]
